// !$*UTF8*$!
{
	archiveVersion = 1;
	classes = {
	};
	objectVersion = 46;
	objects = {

/* Begin PBXBuildFile section */
		9B0229BE158D6587005CCCAA /* QuartzCore.framework in Frameworks */ = {isa = PBXBuildFile; fileRef = 9B0229BD158D6587005CCCAA /* QuartzCore.framework */; };
		9B0B127715CF2A0400217981 /* HelperFunctions.m in Sources */ = {isa = PBXBuildFile; fileRef = 9B0B127615CF2A0400217981 /* HelperFunctions.m */; };
		9B0B127D15CF2DCF00217981 /* UIActionSheet+BlockExtensions.m in Sources */ = {isa = PBXBuildFile; fileRef = 9B0B127A15CF2DCF00217981 /* UIActionSheet+BlockExtensions.m */; };
		9B0B127E15CF2DCF00217981 /* UIAlertView+BlockExtensions.m in Sources */ = {isa = PBXBuildFile; fileRef = 9B0B127C15CF2DCF00217981 /* UIAlertView+BlockExtensions.m */; };
		9B2378DE15FC18CC008A0D44 /* UIScrollView+UIScrollView_ZoomToPoint.m in Sources */ = {isa = PBXBuildFile; fileRef = 9B2378DD15FC18CC008A0D44 /* UIScrollView+UIScrollView_ZoomToPoint.m */; };
		9B298C6415B62E2F00A7C594 /* Security.framework in Frameworks */ = {isa = PBXBuildFile; fileRef = 9B298C6315B62E2F00A7C594 /* Security.framework */; };
		9B2A621415AF8CEB00C4A426 /* ZoomingImageView.m in Sources */ = {isa = PBXBuildFile; fileRef = 9B2A621315AF8CEB00C4A426 /* ZoomingImageView.m */; };
		9B2A621E15AF8D5000C4A426 /* CommentViewController.m in Sources */ = {isa = PBXBuildFile; fileRef = 9B2A621615AF8D5000C4A426 /* CommentViewController.m */; };
		9B2A622015AF8D5000C4A426 /* ImageDetailViewController.m in Sources */ = {isa = PBXBuildFile; fileRef = 9B2A621915AF8D5000C4A426 /* ImageDetailViewController.m */; };
		9B2A622215AF8D5000C4A426 /* PostDetailViewController.m in Sources */ = {isa = PBXBuildFile; fileRef = 9B2A621C15AF8D5000C4A426 /* PostDetailViewController.m */; };
		9B2EA636160BD0320029F276 /* Default-568h@2x.png in Resources */ = {isa = PBXBuildFile; fileRef = 9B2EA635160BD0320029F276 /* Default-568h@2x.png */; };
		9B3C672615F68B690019F346 /* icon.png in Resources */ = {isa = PBXBuildFile; fileRef = 9B3C672515F68B690019F346 /* icon.png */; };
		9B3C672915F68B7B0019F346 /* icon@2x.png in Resources */ = {isa = PBXBuildFile; fileRef = 9B3C672815F68B7B0019F346 /* icon@2x.png */; };
		9B400FE31603EA430050774F /* SyncingViewController.m in Sources */ = {isa = PBXBuildFile; fileRef = 9B400FE21603EA430050774F /* SyncingViewController.m */; };
		9B4FF41F160FF1FF00563A31 /* PrefsViewController.m in Sources */ = {isa = PBXBuildFile; fileRef = 9B4FF41D160FF1FF00563A31 /* PrefsViewController.m */; };
		9B5DA1C9162CF6410034ABDC /* Checkmark@2x.png in Resources */ = {isa = PBXBuildFile; fileRef = 9B5DA1C8162CF6410034ABDC /* Checkmark@2x.png */; };
		9B5EE1F81624EA9000BFC265 /* DraftsViewController.m in Sources */ = {isa = PBXBuildFile; fileRef = 9B5EE1F61624EA9000BFC265 /* DraftsViewController.m */; };
		9B6DC065161D1073006C2B2F /* InterceptTwitPicLink.m in Sources */ = {isa = PBXBuildFile; fileRef = 9B6DC064161D1073006C2B2F /* InterceptTwitPicLink.m */; };
		9B7D861015D74DC70085E640 /* UIImage+Scale.m in Sources */ = {isa = PBXBuildFile; fileRef = 9B7D860F15D74DC70085E640 /* UIImage+Scale.m */; };
		9B7F43F3158E4D4300462D0D /* IntermediateUserSelectorViewController.m in Sources */ = {isa = PBXBuildFile; fileRef = 9B7F43F1158E4D4300462D0D /* IntermediateUserSelectorViewController.m */; };
		9BA753BB15BF1A2000717D94 /* NSDate+Helper.m in Sources */ = {isa = PBXBuildFile; fileRef = 9BA753BA15BF1A2000717D94 /* NSDate+Helper.m */; settings = {COMPILER_FLAGS = "-fno-objc-arc"; }; };
		9BAFCD6B15971B200087EF45 /* NSString+mods.m in Sources */ = {isa = PBXBuildFile; fileRef = 9BAFCD6A15971B200087EF45 /* NSString+mods.m */; };
		9BB6B24815CDED5300FA2836 /* SystemConfiguration.framework in Frameworks */ = {isa = PBXBuildFile; fileRef = 9BB6B24715CDED5300FA2836 /* SystemConfiguration.framework */; };
		9BBC4CAE15DBED01006FA7DE /* Caution.png in Resources */ = {isa = PBXBuildFile; fileRef = 9BBC4CAD15DBED01006FA7DE /* Caution.png */; };
		9BBD602115D48F940078838C /* libz.1.2.5.dylib in Frameworks */ = {isa = PBXBuildFile; fileRef = 9BBD602015D48F940078838C /* libz.1.2.5.dylib */; };
		9BBD602315D48FA80078838C /* MobileCoreServices.framework in Frameworks */ = {isa = PBXBuildFile; fileRef = 9BBD602215D48FA80078838C /* MobileCoreServices.framework */; };
		9BCEB749162220550048CC43 /* NSArray+RemoveDuplicates.m in Sources */ = {isa = PBXBuildFile; fileRef = 9BCEB748162220550048CC43 /* NSArray+RemoveDuplicates.m */; };
		9BCEB74D16222AF90048CC43 /* CachesViewController.m in Sources */ = {isa = PBXBuildFile; fileRef = 9BCEB74C16222AF90048CC43 /* CachesViewController.m */; };
		9BE3E7E21601738D00F64709 /* inner-shadow.png in Resources */ = {isa = PBXBuildFile; fileRef = 9BE3E7E11601738D00F64709 /* inner-shadow.png */; };
		9BE800201634C77C006D91B8 /* PullToRefreshView.m in Sources */ = {isa = PBXBuildFile; fileRef = 9BE8001F1634C77C006D91B8 /* PullToRefreshView.m */; };
		F1288F641852600800DECE1B /* DBSyncClient.m in Sources */ = {isa = PBXBuildFile; fileRef = F1288F631852600800DECE1B /* DBSyncClient.m */; };
		F1288F671852757000DECE1B /* DroppinBadassBlocks.m in Sources */ = {isa = PBXBuildFile; fileRef = F1288F661852757000DECE1B /* DroppinBadassBlocks.m */; };
		F128A1EC157FE5C4001BC156 /* TweetDetailViewController.m in Sources */ = {isa = PBXBuildFile; fileRef = F128A1EA157FE5C3001BC156 /* TweetDetailViewController.m */; };
		F129B65F157B8237005353EB /* UIKit.framework in Frameworks */ = {isa = PBXBuildFile; fileRef = F129B65E157B8237005353EB /* UIKit.framework */; };
		F129B661157B8237005353EB /* Foundation.framework in Frameworks */ = {isa = PBXBuildFile; fileRef = F129B660157B8237005353EB /* Foundation.framework */; };
		F129B663157B8237005353EB /* CoreGraphics.framework in Frameworks */ = {isa = PBXBuildFile; fileRef = F129B662157B8237005353EB /* CoreGraphics.framework */; };
		F129B66B157B8237005353EB /* main.m in Sources */ = {isa = PBXBuildFile; fileRef = F129B66A157B8237005353EB /* main.m */; };
		F129B66F157B8237005353EB /* AppDelegate.m in Sources */ = {isa = PBXBuildFile; fileRef = F129B66E157B8237005353EB /* AppDelegate.m */; };
		F129B672157B8237005353EB /* ViewController.m in Sources */ = {isa = PBXBuildFile; fileRef = F129B671157B8237005353EB /* ViewController.m */; };
		F13964F5175EB9710073EE5E /* Settings.m in Sources */ = {isa = PBXBuildFile; fileRef = F13964F4175EB9710073EE5E /* Settings.m */; };
		F1397B27175FDC3E00CC9EDA /* Cache.m in Sources */ = {isa = PBXBuildFile; fileRef = F1397B26175FDC3E00CC9EDA /* Cache.m */; };
		F14F91CA185B566B009D0EDE /* UserSelectorCell.m in Sources */ = {isa = PBXBuildFile; fileRef = F14F91C9185B566B009D0EDE /* UserSelectorCell.m */; };
		F14F91CC185B9628009D0EDE /* libsqlite3.0.dylib in Frameworks */ = {isa = PBXBuildFile; fileRef = F14F91CB185B9628009D0EDE /* libsqlite3.0.dylib */; };
		F158D72D15800C1D0061E5A6 /* ReplyViewController.m in Sources */ = {isa = PBXBuildFile; fileRef = F158D72B15800C1D0061E5A6 /* ReplyViewController.m */; };
		F15A011F1763CAFE001C668C /* CoreText.framework in Frameworks */ = {isa = PBXBuildFile; fileRef = F15A011E1763CAFE001C668C /* CoreText.framework */; };
		F18042C4175A8802008D191D /* Tweet.m in Sources */ = {isa = PBXBuildFile; fileRef = F18042C3175A8802008D191D /* Tweet.m */; };
		F18042C7175A880C008D191D /* Status.m in Sources */ = {isa = PBXBuildFile; fileRef = F18042C6175A880C008D191D /* Status.m */; };
		F18042CA175A893C008D191D /* TwitterUser.m in Sources */ = {isa = PBXBuildFile; fileRef = F18042C9175A893C008D191D /* TwitterUser.m */; };
		F18042CD175A896C008D191D /* FacebookUser.m in Sources */ = {isa = PBXBuildFile; fileRef = F18042CC175A896C008D191D /* FacebookUser.m */; };
		F1937FA3169F137400C66668 /* DropboxSDK.framework in Frameworks */ = {isa = PBXBuildFile; fileRef = F1937FA2169F137400C66668 /* DropboxSDK.framework */; };
		F19D0A45184919A700891122 /* FHSTwitterEngine.m in Sources */ = {isa = PBXBuildFile; fileRef = F19D0A44184919A700891122 /* FHSTwitterEngine.m */; };
		F1C8CE61183BF54100DD2544 /* Keychain.m in Sources */ = {isa = PBXBuildFile; fileRef = F1C8CE60183BF54100DD2544 /* Keychain.m */; };
		F1C8CE64183BFF7700DD2544 /* MBProgressHUD.m in Sources */ = {isa = PBXBuildFile; fileRef = F1C8CE63183BFF7700DD2544 /* MBProgressHUD.m */; };
		F1DA26291850CDC500ED0A06 /* FHSFacebook.m in Sources */ = {isa = PBXBuildFile; fileRef = F1DA26281850CDC500ED0A06 /* FHSFacebook.m */; };
		F1E0A8811699D8B8000054F3 /* UserSelectorViewController.m in Sources */ = {isa = PBXBuildFile; fileRef = F1E0A8801699D8B8000054F3 /* UserSelectorViewController.m */; };
		F1E182B9184FBC92002ABBD9 /* PostsClient.m in Sources */ = {isa = PBXBuildFile; fileRef = F1E182B8184FBC92002ABBD9 /* PostsClient.m */; };
		F1E3DDBB185A036900DED240 /* FMDatabase.m in Sources */ = {isa = PBXBuildFile; fileRef = F1E3DDB6185A036900DED240 /* FMDatabase.m */; };
		F1E3DDBC185A036900DED240 /* FMDatabaseAdditions.m in Sources */ = {isa = PBXBuildFile; fileRef = F1E3DDB8185A036900DED240 /* FMDatabaseAdditions.m */; };
		F1E3DDBD185A036900DED240 /* FMResultSet.m in Sources */ = {isa = PBXBuildFile; fileRef = F1E3DDBA185A036900DED240 /* FMResultSet.m */; };
/* End PBXBuildFile section */

/* Begin PBXFileReference section */
		9B0229BD158D6587005CCCAA /* QuartzCore.framework */ = {isa = PBXFileReference; lastKnownFileType = wrapper.framework; name = QuartzCore.framework; path = System/Library/Frameworks/QuartzCore.framework; sourceTree = SDKROOT; };
		9B0B127515CF2A0400217981 /* HelperFunctions.h */ = {isa = PBXFileReference; fileEncoding = 4; lastKnownFileType = sourcecode.c.h; path = HelperFunctions.h; sourceTree = "<group>"; };
		9B0B127615CF2A0400217981 /* HelperFunctions.m */ = {isa = PBXFileReference; fileEncoding = 4; lastKnownFileType = sourcecode.c.objc; path = HelperFunctions.m; sourceTree = "<group>"; };
		9B0B127915CF2DCF00217981 /* UIActionSheet+BlockExtensions.h */ = {isa = PBXFileReference; fileEncoding = 4; lastKnownFileType = sourcecode.c.h; path = "UIActionSheet+BlockExtensions.h"; sourceTree = "<group>"; };
		9B0B127A15CF2DCF00217981 /* UIActionSheet+BlockExtensions.m */ = {isa = PBXFileReference; fileEncoding = 4; lastKnownFileType = sourcecode.c.objc; path = "UIActionSheet+BlockExtensions.m"; sourceTree = "<group>"; };
		9B0B127B15CF2DCF00217981 /* UIAlertView+BlockExtensions.h */ = {isa = PBXFileReference; fileEncoding = 4; lastKnownFileType = sourcecode.c.h; path = "UIAlertView+BlockExtensions.h"; sourceTree = "<group>"; };
		9B0B127C15CF2DCF00217981 /* UIAlertView+BlockExtensions.m */ = {isa = PBXFileReference; fileEncoding = 4; lastKnownFileType = sourcecode.c.objc; path = "UIAlertView+BlockExtensions.m"; sourceTree = "<group>"; };
		9B2378DC15FC18CC008A0D44 /* UIScrollView+UIScrollView_ZoomToPoint.h */ = {isa = PBXFileReference; fileEncoding = 4; lastKnownFileType = sourcecode.c.h; path = "UIScrollView+UIScrollView_ZoomToPoint.h"; sourceTree = "<group>"; };
		9B2378DD15FC18CC008A0D44 /* UIScrollView+UIScrollView_ZoomToPoint.m */ = {isa = PBXFileReference; fileEncoding = 4; lastKnownFileType = sourcecode.c.objc; path = "UIScrollView+UIScrollView_ZoomToPoint.m"; sourceTree = "<group>"; };
		9B298C6315B62E2F00A7C594 /* Security.framework */ = {isa = PBXFileReference; lastKnownFileType = wrapper.framework; name = Security.framework; path = System/Library/Frameworks/Security.framework; sourceTree = SDKROOT; };
		9B2A621215AF8CEB00C4A426 /* ZoomingImageView.h */ = {isa = PBXFileReference; fileEncoding = 4; lastKnownFileType = sourcecode.c.h; path = ZoomingImageView.h; sourceTree = "<group>"; };
		9B2A621315AF8CEB00C4A426 /* ZoomingImageView.m */ = {isa = PBXFileReference; fileEncoding = 4; lastKnownFileType = sourcecode.c.objc; path = ZoomingImageView.m; sourceTree = "<group>"; };
		9B2A621515AF8D5000C4A426 /* CommentViewController.h */ = {isa = PBXFileReference; fileEncoding = 4; lastKnownFileType = sourcecode.c.h; path = CommentViewController.h; sourceTree = "<group>"; };
		9B2A621615AF8D5000C4A426 /* CommentViewController.m */ = {isa = PBXFileReference; fileEncoding = 4; lastKnownFileType = sourcecode.c.objc; path = CommentViewController.m; sourceTree = "<group>"; };
		9B2A621815AF8D5000C4A426 /* ImageDetailViewController.h */ = {isa = PBXFileReference; fileEncoding = 4; lastKnownFileType = sourcecode.c.h; path = ImageDetailViewController.h; sourceTree = "<group>"; };
		9B2A621915AF8D5000C4A426 /* ImageDetailViewController.m */ = {isa = PBXFileReference; fileEncoding = 4; lastKnownFileType = sourcecode.c.objc; path = ImageDetailViewController.m; sourceTree = "<group>"; };
		9B2A621B15AF8D5000C4A426 /* PostDetailViewController.h */ = {isa = PBXFileReference; fileEncoding = 4; lastKnownFileType = sourcecode.c.h; path = PostDetailViewController.h; sourceTree = "<group>"; };
		9B2A621C15AF8D5000C4A426 /* PostDetailViewController.m */ = {isa = PBXFileReference; fileEncoding = 4; lastKnownFileType = sourcecode.c.objc; path = PostDetailViewController.m; sourceTree = "<group>"; };
		9B2EA635160BD0320029F276 /* Default-568h@2x.png */ = {isa = PBXFileReference; lastKnownFileType = image.png; name = "Default-568h@2x.png"; path = "../Default-568h@2x.png"; sourceTree = "<group>"; };
		9B3C672515F68B690019F346 /* icon.png */ = {isa = PBXFileReference; lastKnownFileType = image.png; name = icon.png; path = ../icon.png; sourceTree = "<group>"; };
		9B3C672815F68B7B0019F346 /* icon@2x.png */ = {isa = PBXFileReference; lastKnownFileType = image.png; name = "icon@2x.png"; path = "../icon@2x.png"; sourceTree = "<group>"; };
		9B400FE11603EA420050774F /* SyncingViewController.h */ = {isa = PBXFileReference; fileEncoding = 4; lastKnownFileType = sourcecode.c.h; path = SyncingViewController.h; sourceTree = "<group>"; };
		9B400FE21603EA430050774F /* SyncingViewController.m */ = {isa = PBXFileReference; fileEncoding = 4; lastKnownFileType = sourcecode.c.objc; path = SyncingViewController.m; sourceTree = "<group>"; };
		9B4FF41C160FF1FF00563A31 /* PrefsViewController.h */ = {isa = PBXFileReference; fileEncoding = 4; lastKnownFileType = sourcecode.c.h; path = PrefsViewController.h; sourceTree = "<group>"; };
		9B4FF41D160FF1FF00563A31 /* PrefsViewController.m */ = {isa = PBXFileReference; fileEncoding = 4; lastKnownFileType = sourcecode.c.objc; path = PrefsViewController.m; sourceTree = "<group>"; };
		9B5DA1C8162CF6410034ABDC /* Checkmark@2x.png */ = {isa = PBXFileReference; lastKnownFileType = image.png; path = "Checkmark@2x.png"; sourceTree = "<group>"; };
		9B5EE1F51624EA9000BFC265 /* DraftsViewController.h */ = {isa = PBXFileReference; fileEncoding = 4; lastKnownFileType = sourcecode.c.h; path = DraftsViewController.h; sourceTree = "<group>"; };
		9B5EE1F61624EA9000BFC265 /* DraftsViewController.m */ = {isa = PBXFileReference; fileEncoding = 4; lastKnownFileType = sourcecode.c.objc; path = DraftsViewController.m; sourceTree = "<group>"; };
		9B6DC063161D1073006C2B2F /* InterceptTwitPicLink.h */ = {isa = PBXFileReference; fileEncoding = 4; lastKnownFileType = sourcecode.c.h; path = InterceptTwitPicLink.h; sourceTree = "<group>"; };
		9B6DC064161D1073006C2B2F /* InterceptTwitPicLink.m */ = {isa = PBXFileReference; fileEncoding = 4; lastKnownFileType = sourcecode.c.objc; path = InterceptTwitPicLink.m; sourceTree = "<group>"; };
		9B7D860E15D74DC70085E640 /* UIImage+Scale.h */ = {isa = PBXFileReference; fileEncoding = 4; lastKnownFileType = sourcecode.c.h; path = "UIImage+Scale.h"; sourceTree = "<group>"; };
		9B7D860F15D74DC70085E640 /* UIImage+Scale.m */ = {isa = PBXFileReference; fileEncoding = 4; lastKnownFileType = sourcecode.c.objc; path = "UIImage+Scale.m"; sourceTree = "<group>"; };
		9B7F43F0158E4D4300462D0D /* IntermediateUserSelectorViewController.h */ = {isa = PBXFileReference; fileEncoding = 4; lastKnownFileType = sourcecode.c.h; path = IntermediateUserSelectorViewController.h; sourceTree = "<group>"; };
		9B7F43F1158E4D4300462D0D /* IntermediateUserSelectorViewController.m */ = {isa = PBXFileReference; fileEncoding = 4; lastKnownFileType = sourcecode.c.objc; path = IntermediateUserSelectorViewController.m; sourceTree = "<group>"; };
		9BA753B915BF1A2000717D94 /* NSDate+Helper.h */ = {isa = PBXFileReference; fileEncoding = 4; lastKnownFileType = sourcecode.c.h; path = "NSDate+Helper.h"; sourceTree = "<group>"; };
		9BA753BA15BF1A2000717D94 /* NSDate+Helper.m */ = {isa = PBXFileReference; fileEncoding = 4; lastKnownFileType = sourcecode.c.objc; path = "NSDate+Helper.m"; sourceTree = "<group>"; };
		9BAFCD6915971B200087EF45 /* NSString+mods.h */ = {isa = PBXFileReference; fileEncoding = 4; lastKnownFileType = sourcecode.c.h; path = "NSString+mods.h"; sourceTree = "<group>"; };
		9BAFCD6A15971B200087EF45 /* NSString+mods.m */ = {isa = PBXFileReference; fileEncoding = 4; lastKnownFileType = sourcecode.c.objc; path = "NSString+mods.m"; sourceTree = "<group>"; };
		9BB6B24715CDED5300FA2836 /* SystemConfiguration.framework */ = {isa = PBXFileReference; lastKnownFileType = wrapper.framework; name = SystemConfiguration.framework; path = System/Library/Frameworks/SystemConfiguration.framework; sourceTree = SDKROOT; };
		9BBC4CAD15DBED01006FA7DE /* Caution.png */ = {isa = PBXFileReference; lastKnownFileType = image.png; path = Caution.png; sourceTree = "<group>"; };
		9BBD601E15D48D630078838C /* CFNetwork.framework */ = {isa = PBXFileReference; lastKnownFileType = wrapper.framework; name = CFNetwork.framework; path = System/Library/Frameworks/CFNetwork.framework; sourceTree = SDKROOT; };
		9BBD602015D48F940078838C /* libz.1.2.5.dylib */ = {isa = PBXFileReference; lastKnownFileType = "compiled.mach-o.dylib"; name = libz.1.2.5.dylib; path = usr/lib/libz.1.2.5.dylib; sourceTree = SDKROOT; };
		9BBD602215D48FA80078838C /* MobileCoreServices.framework */ = {isa = PBXFileReference; lastKnownFileType = wrapper.framework; name = MobileCoreServices.framework; path = System/Library/Frameworks/MobileCoreServices.framework; sourceTree = SDKROOT; };
		9BCEB747162220550048CC43 /* NSArray+RemoveDuplicates.h */ = {isa = PBXFileReference; fileEncoding = 4; lastKnownFileType = sourcecode.c.h; path = "NSArray+RemoveDuplicates.h"; sourceTree = "<group>"; };
		9BCEB748162220550048CC43 /* NSArray+RemoveDuplicates.m */ = {isa = PBXFileReference; fileEncoding = 4; lastKnownFileType = sourcecode.c.objc; path = "NSArray+RemoveDuplicates.m"; sourceTree = "<group>"; };
		9BCEB74B16222AF90048CC43 /* CachesViewController.h */ = {isa = PBXFileReference; fileEncoding = 4; lastKnownFileType = sourcecode.c.h; path = CachesViewController.h; sourceTree = "<group>"; };
		9BCEB74C16222AF90048CC43 /* CachesViewController.m */ = {isa = PBXFileReference; fileEncoding = 4; lastKnownFileType = sourcecode.c.objc; path = CachesViewController.m; sourceTree = "<group>"; };
		9BE3E7E11601738D00F64709 /* inner-shadow.png */ = {isa = PBXFileReference; lastKnownFileType = image.png; path = "inner-shadow.png"; sourceTree = "<group>"; };
		9BE8001E1634C77C006D91B8 /* PullToRefreshView.h */ = {isa = PBXFileReference; fileEncoding = 4; lastKnownFileType = sourcecode.c.h; path = PullToRefreshView.h; sourceTree = "<group>"; };
		9BE8001F1634C77C006D91B8 /* PullToRefreshView.m */ = {isa = PBXFileReference; fileEncoding = 4; lastKnownFileType = sourcecode.c.objc; path = PullToRefreshView.m; sourceTree = "<group>"; };
		F1288F621852600800DECE1B /* DBSyncClient.h */ = {isa = PBXFileReference; fileEncoding = 4; lastKnownFileType = sourcecode.c.h; path = DBSyncClient.h; sourceTree = "<group>"; };
		F1288F631852600800DECE1B /* DBSyncClient.m */ = {isa = PBXFileReference; fileEncoding = 4; lastKnownFileType = sourcecode.c.objc; path = DBSyncClient.m; sourceTree = "<group>"; };
		F1288F651852757000DECE1B /* DroppinBadassBlocks.h */ = {isa = PBXFileReference; fileEncoding = 4; lastKnownFileType = sourcecode.c.h; path = DroppinBadassBlocks.h; sourceTree = "<group>"; };
		F1288F661852757000DECE1B /* DroppinBadassBlocks.m */ = {isa = PBXFileReference; fileEncoding = 4; lastKnownFileType = sourcecode.c.objc; path = DroppinBadassBlocks.m; sourceTree = "<group>"; };
		F128A1E9157FE5C3001BC156 /* TweetDetailViewController.h */ = {isa = PBXFileReference; fileEncoding = 4; lastKnownFileType = sourcecode.c.h; path = TweetDetailViewController.h; sourceTree = "<group>"; };
		F128A1EA157FE5C3001BC156 /* TweetDetailViewController.m */ = {isa = PBXFileReference; fileEncoding = 4; lastKnownFileType = sourcecode.c.objc; path = TweetDetailViewController.m; sourceTree = "<group>"; };
		F129B65A157B8237005353EB /* TwoFace.app */ = {isa = PBXFileReference; explicitFileType = wrapper.application; includeInIndex = 0; path = TwoFace.app; sourceTree = BUILT_PRODUCTS_DIR; };
		F129B65E157B8237005353EB /* UIKit.framework */ = {isa = PBXFileReference; lastKnownFileType = wrapper.framework; name = UIKit.framework; path = System/Library/Frameworks/UIKit.framework; sourceTree = SDKROOT; };
		F129B660157B8237005353EB /* Foundation.framework */ = {isa = PBXFileReference; lastKnownFileType = wrapper.framework; name = Foundation.framework; path = System/Library/Frameworks/Foundation.framework; sourceTree = SDKROOT; };
		F129B662157B8237005353EB /* CoreGraphics.framework */ = {isa = PBXFileReference; lastKnownFileType = wrapper.framework; name = CoreGraphics.framework; path = System/Library/Frameworks/CoreGraphics.framework; sourceTree = SDKROOT; };
		F129B666157B8237005353EB /* TwoFace-Info.plist */ = {isa = PBXFileReference; lastKnownFileType = text.plist.xml; path = "TwoFace-Info.plist"; sourceTree = "<group>"; };
		F129B66A157B8237005353EB /* main.m */ = {isa = PBXFileReference; lastKnownFileType = sourcecode.c.objc; path = main.m; sourceTree = "<group>"; };
		F129B66C157B8237005353EB /* TwoFace-Prefix.pch */ = {isa = PBXFileReference; lastKnownFileType = sourcecode.c.h; path = "TwoFace-Prefix.pch"; sourceTree = "<group>"; };
		F129B66D157B8237005353EB /* AppDelegate.h */ = {isa = PBXFileReference; lastKnownFileType = sourcecode.c.h; path = AppDelegate.h; sourceTree = "<group>"; };
		F129B66E157B8237005353EB /* AppDelegate.m */ = {isa = PBXFileReference; lastKnownFileType = sourcecode.c.objc; path = AppDelegate.m; sourceTree = "<group>"; };
		F129B670157B8237005353EB /* ViewController.h */ = {isa = PBXFileReference; lastKnownFileType = sourcecode.c.h; path = ViewController.h; sourceTree = "<group>"; };
		F129B671157B8237005353EB /* ViewController.m */ = {isa = PBXFileReference; lastKnownFileType = sourcecode.c.objc; path = ViewController.m; sourceTree = "<group>"; };
		F13964F3175EB9710073EE5E /* Settings.h */ = {isa = PBXFileReference; fileEncoding = 4; lastKnownFileType = sourcecode.c.h; path = Settings.h; sourceTree = "<group>"; };
		F13964F4175EB9710073EE5E /* Settings.m */ = {isa = PBXFileReference; fileEncoding = 4; lastKnownFileType = sourcecode.c.objc; path = Settings.m; sourceTree = "<group>"; };
		F1397B25175FDC3E00CC9EDA /* Cache.h */ = {isa = PBXFileReference; fileEncoding = 4; lastKnownFileType = sourcecode.c.h; path = Cache.h; sourceTree = "<group>"; };
		F1397B26175FDC3E00CC9EDA /* Cache.m */ = {isa = PBXFileReference; fileEncoding = 4; lastKnownFileType = sourcecode.c.objc; path = Cache.m; sourceTree = "<group>"; };
		F14F91C8185B566B009D0EDE /* UserSelectorCell.h */ = {isa = PBXFileReference; fileEncoding = 4; lastKnownFileType = sourcecode.c.h; path = UserSelectorCell.h; sourceTree = "<group>"; };
		F14F91C9185B566B009D0EDE /* UserSelectorCell.m */ = {isa = PBXFileReference; fileEncoding = 4; lastKnownFileType = sourcecode.c.objc; path = UserSelectorCell.m; sourceTree = "<group>"; };
		F14F91CB185B9628009D0EDE /* libsqlite3.0.dylib */ = {isa = PBXFileReference; lastKnownFileType = "compiled.mach-o.dylib"; name = libsqlite3.0.dylib; path = usr/lib/libsqlite3.0.dylib; sourceTree = SDKROOT; };
		F158D72A15800C1D0061E5A6 /* ReplyViewController.h */ = {isa = PBXFileReference; fileEncoding = 4; lastKnownFileType = sourcecode.c.h; path = ReplyViewController.h; sourceTree = "<group>"; };
		F158D72B15800C1D0061E5A6 /* ReplyViewController.m */ = {isa = PBXFileReference; fileEncoding = 4; lastKnownFileType = sourcecode.c.objc; path = ReplyViewController.m; sourceTree = "<group>"; };
		F15A011E1763CAFE001C668C /* CoreText.framework */ = {isa = PBXFileReference; lastKnownFileType = wrapper.framework; name = CoreText.framework; path = System/Library/Frameworks/CoreText.framework; sourceTree = SDKROOT; };
		F18042C2175A8802008D191D /* Tweet.h */ = {isa = PBXFileReference; fileEncoding = 4; lastKnownFileType = sourcecode.c.h; path = Tweet.h; sourceTree = "<group>"; };
		F18042C3175A8802008D191D /* Tweet.m */ = {isa = PBXFileReference; fileEncoding = 4; lastKnownFileType = sourcecode.c.objc; path = Tweet.m; sourceTree = "<group>"; };
		F18042C5175A880C008D191D /* Status.h */ = {isa = PBXFileReference; fileEncoding = 4; lastKnownFileType = sourcecode.c.h; path = Status.h; sourceTree = "<group>"; };
		F18042C6175A880C008D191D /* Status.m */ = {isa = PBXFileReference; fileEncoding = 4; lastKnownFileType = sourcecode.c.objc; path = Status.m; sourceTree = "<group>"; };
		F18042C8175A893C008D191D /* TwitterUser.h */ = {isa = PBXFileReference; fileEncoding = 4; lastKnownFileType = sourcecode.c.h; path = TwitterUser.h; sourceTree = "<group>"; };
		F18042C9175A893C008D191D /* TwitterUser.m */ = {isa = PBXFileReference; fileEncoding = 4; lastKnownFileType = sourcecode.c.objc; path = TwitterUser.m; sourceTree = "<group>"; };
		F18042CB175A896C008D191D /* FacebookUser.h */ = {isa = PBXFileReference; fileEncoding = 4; lastKnownFileType = sourcecode.c.h; path = FacebookUser.h; sourceTree = "<group>"; };
		F18042CC175A896C008D191D /* FacebookUser.m */ = {isa = PBXFileReference; fileEncoding = 4; lastKnownFileType = sourcecode.c.objc; path = FacebookUser.m; sourceTree = "<group>"; };
		F1937FA2169F137400C66668 /* DropboxSDK.framework */ = {isa = PBXFileReference; lastKnownFileType = wrapper.framework; name = DropboxSDK.framework; path = Frameworks/DropboxSDK.framework; sourceTree = "<group>"; };
		F19D0A43184919A700891122 /* FHSTwitterEngine.h */ = {isa = PBXFileReference; fileEncoding = 4; lastKnownFileType = sourcecode.c.h; path = FHSTwitterEngine.h; sourceTree = "<group>"; };
		F19D0A44184919A700891122 /* FHSTwitterEngine.m */ = {isa = PBXFileReference; fileEncoding = 4; lastKnownFileType = sourcecode.c.objc; path = FHSTwitterEngine.m; sourceTree = "<group>"; };
		F1C8CE5F183BF54100DD2544 /* Keychain.h */ = {isa = PBXFileReference; fileEncoding = 4; lastKnownFileType = sourcecode.c.h; path = Keychain.h; sourceTree = "<group>"; };
		F1C8CE60183BF54100DD2544 /* Keychain.m */ = {isa = PBXFileReference; fileEncoding = 4; lastKnownFileType = sourcecode.c.objc; path = Keychain.m; sourceTree = "<group>"; };
		F1C8CE62183BFF7700DD2544 /* MBProgressHUD.h */ = {isa = PBXFileReference; fileEncoding = 4; lastKnownFileType = sourcecode.c.h; path = MBProgressHUD.h; sourceTree = "<group>"; };
		F1C8CE63183BFF7700DD2544 /* MBProgressHUD.m */ = {isa = PBXFileReference; fileEncoding = 4; lastKnownFileType = sourcecode.c.objc; path = MBProgressHUD.m; sourceTree = "<group>"; };
		F1DA26271850CDC500ED0A06 /* FHSFacebook.h */ = {isa = PBXFileReference; fileEncoding = 4; lastKnownFileType = sourcecode.c.h; path = FHSFacebook.h; sourceTree = "<group>"; };
		F1DA26281850CDC500ED0A06 /* FHSFacebook.m */ = {isa = PBXFileReference; fileEncoding = 4; lastKnownFileType = sourcecode.c.objc; path = FHSFacebook.m; sourceTree = "<group>"; };
		F1E0A87F1699D8B8000054F3 /* UserSelectorViewController.h */ = {isa = PBXFileReference; fileEncoding = 4; lastKnownFileType = sourcecode.c.h; path = UserSelectorViewController.h; sourceTree = "<group>"; };
		F1E0A8801699D8B8000054F3 /* UserSelectorViewController.m */ = {isa = PBXFileReference; fileEncoding = 4; lastKnownFileType = sourcecode.c.objc; path = UserSelectorViewController.m; sourceTree = "<group>"; };
		F1E182B7184FBC92002ABBD9 /* PostsClient.h */ = {isa = PBXFileReference; fileEncoding = 4; lastKnownFileType = sourcecode.c.h; path = PostsClient.h; sourceTree = "<group>"; };
		F1E182B8184FBC92002ABBD9 /* PostsClient.m */ = {isa = PBXFileReference; fileEncoding = 4; lastKnownFileType = sourcecode.c.objc; path = PostsClient.m; sourceTree = "<group>"; };
		F1E3DDB5185A036900DED240 /* FMDatabase.h */ = {isa = PBXFileReference; fileEncoding = 4; lastKnownFileType = sourcecode.c.h; path = FMDatabase.h; sourceTree = "<group>"; };
		F1E3DDB6185A036900DED240 /* FMDatabase.m */ = {isa = PBXFileReference; fileEncoding = 4; lastKnownFileType = sourcecode.c.objc; path = FMDatabase.m; sourceTree = "<group>"; };
		F1E3DDB7185A036900DED240 /* FMDatabaseAdditions.h */ = {isa = PBXFileReference; fileEncoding = 4; lastKnownFileType = sourcecode.c.h; path = FMDatabaseAdditions.h; sourceTree = "<group>"; };
		F1E3DDB8185A036900DED240 /* FMDatabaseAdditions.m */ = {isa = PBXFileReference; fileEncoding = 4; lastKnownFileType = sourcecode.c.objc; path = FMDatabaseAdditions.m; sourceTree = "<group>"; };
		F1E3DDB9185A036900DED240 /* FMResultSet.h */ = {isa = PBXFileReference; fileEncoding = 4; lastKnownFileType = sourcecode.c.h; path = FMResultSet.h; sourceTree = "<group>"; };
		F1E3DDBA185A036900DED240 /* FMResultSet.m */ = {isa = PBXFileReference; fileEncoding = 4; lastKnownFileType = sourcecode.c.objc; path = FMResultSet.m; sourceTree = "<group>"; };
/* End PBXFileReference section */

/* Begin PBXFrameworksBuildPhase section */
		F129B657157B8237005353EB /* Frameworks */ = {
			isa = PBXFrameworksBuildPhase;
			buildActionMask = 2147483647;
			files = (
				F14F91CC185B9628009D0EDE /* libsqlite3.0.dylib in Frameworks */,
				F15A011F1763CAFE001C668C /* CoreText.framework in Frameworks */,
				9BBD602115D48F940078838C /* libz.1.2.5.dylib in Frameworks */,
				F1937FA3169F137400C66668 /* DropboxSDK.framework in Frameworks */,
				9BB6B24815CDED5300FA2836 /* SystemConfiguration.framework in Frameworks */,
				9BBD602315D48FA80078838C /* MobileCoreServices.framework in Frameworks */,
				9B298C6415B62E2F00A7C594 /* Security.framework in Frameworks */,
				9B0229BE158D6587005CCCAA /* QuartzCore.framework in Frameworks */,
				F129B65F157B8237005353EB /* UIKit.framework in Frameworks */,
				F129B661157B8237005353EB /* Foundation.framework in Frameworks */,
				F129B663157B8237005353EB /* CoreGraphics.framework in Frameworks */,
			);
			runOnlyForDeploymentPostprocessing = 0;
		};
/* End PBXFrameworksBuildPhase section */

/* Begin PBXGroup section */
		9B298C6615B62EBE00A7C594 /* Custom Classes */ = {
			isa = PBXGroup;
			children = (
				9B857FA515F5AB5000DE25E8 /* Subclasses */,
				9B857FA415F5AAD500DE25E8 /* Categories */,
				9B0B127515CF2A0400217981 /* HelperFunctions.h */,
				9B0B127615CF2A0400217981 /* HelperFunctions.m */,
			);
			name = "Custom Classes";
			sourceTree = "<group>";
		};
		9B857FA415F5AAD500DE25E8 /* Categories */ = {
			isa = PBXGroup;
			children = (
				9BA753B915BF1A2000717D94 /* NSDate+Helper.h */,
				9BA753BA15BF1A2000717D94 /* NSDate+Helper.m */,
				9BAFCD6915971B200087EF45 /* NSString+mods.h */,
				9BAFCD6A15971B200087EF45 /* NSString+mods.m */,
				9B0B127915CF2DCF00217981 /* UIActionSheet+BlockExtensions.h */,
				9B0B127A15CF2DCF00217981 /* UIActionSheet+BlockExtensions.m */,
				9B0B127B15CF2DCF00217981 /* UIAlertView+BlockExtensions.h */,
				9B0B127C15CF2DCF00217981 /* UIAlertView+BlockExtensions.m */,
				9B7D860E15D74DC70085E640 /* UIImage+Scale.h */,
				9B7D860F15D74DC70085E640 /* UIImage+Scale.m */,
				9B2378DC15FC18CC008A0D44 /* UIScrollView+UIScrollView_ZoomToPoint.h */,
				9B2378DD15FC18CC008A0D44 /* UIScrollView+UIScrollView_ZoomToPoint.m */,
				9BCEB747162220550048CC43 /* NSArray+RemoveDuplicates.h */,
				9BCEB748162220550048CC43 /* NSArray+RemoveDuplicates.m */,
			);
			name = Categories;
			sourceTree = "<group>";
		};
		9B857FA515F5AB5000DE25E8 /* Subclasses */ = {
			isa = PBXGroup;
			children = (
				F1E182B7184FBC92002ABBD9 /* PostsClient.h */,
				F1E182B8184FBC92002ABBD9 /* PostsClient.m */,
				F1288F621852600800DECE1B /* DBSyncClient.h */,
				F1288F631852600800DECE1B /* DBSyncClient.m */,
				F1288F651852757000DECE1B /* DroppinBadassBlocks.h */,
				F1288F661852757000DECE1B /* DroppinBadassBlocks.m */,
				F1C8CE62183BFF7700DD2544 /* MBProgressHUD.h */,
				F1C8CE63183BFF7700DD2544 /* MBProgressHUD.m */,
				9B2A621215AF8CEB00C4A426 /* ZoomingImageView.h */,
				9B2A621315AF8CEB00C4A426 /* ZoomingImageView.m */,
				9B6DC063161D1073006C2B2F /* InterceptTwitPicLink.h */,
				9B6DC064161D1073006C2B2F /* InterceptTwitPicLink.m */,
				9BE8001E1634C77C006D91B8 /* PullToRefreshView.h */,
				9BE8001F1634C77C006D91B8 /* PullToRefreshView.m */,
				F14F91C8185B566B009D0EDE /* UserSelectorCell.h */,
				F14F91C9185B566B009D0EDE /* UserSelectorCell.m */,
			);
			name = Subclasses;
			sourceTree = "<group>";
		};
		F129B64F157B8237005353EB = {
			isa = PBXGroup;
			children = (
				F129B664157B8237005353EB /* PrimaFacie */,
				F129B65D157B8237005353EB /* Frameworks */,
				F129B65B157B8237005353EB /* Products */,
			);
			sourceTree = "<group>";
		};
		F129B65B157B8237005353EB /* Products */ = {
			isa = PBXGroup;
			children = (
				F129B65A157B8237005353EB /* TwoFace.app */,
			);
			name = Products;
			sourceTree = "<group>";
		};
		F129B65D157B8237005353EB /* Frameworks */ = {
			isa = PBXGroup;
			children = (
				F14F91CB185B9628009D0EDE /* libsqlite3.0.dylib */,
				F15A011E1763CAFE001C668C /* CoreText.framework */,
				9BBD602015D48F940078838C /* libz.1.2.5.dylib */,
				F1937FA2169F137400C66668 /* DropboxSDK.framework */,
				9BBD602215D48FA80078838C /* MobileCoreServices.framework */,
				9BBD601E15D48D630078838C /* CFNetwork.framework */,
				9BB6B24715CDED5300FA2836 /* SystemConfiguration.framework */,
				9B298C6315B62E2F00A7C594 /* Security.framework */,
				9B0229BD158D6587005CCCAA /* QuartzCore.framework */,
				F129B65E157B8237005353EB /* UIKit.framework */,
				F129B660157B8237005353EB /* Foundation.framework */,
				F129B662157B8237005353EB /* CoreGraphics.framework */,
			);
			name = Frameworks;
			sourceTree = "<group>";
		};
		F129B664157B8237005353EB /* PrimaFacie */ = {
			isa = PBXGroup;
			children = (
				F129B66D157B8237005353EB /* AppDelegate.h */,
				F129B66E157B8237005353EB /* AppDelegate.m */,
				F129B670157B8237005353EB /* ViewController.h */,
				F129B671157B8237005353EB /* ViewController.m */,
				9B4FF41C160FF1FF00563A31 /* PrefsViewController.h */,
				9B4FF41D160FF1FF00563A31 /* PrefsViewController.m */,
				9BCEB74B16222AF90048CC43 /* CachesViewController.h */,
				9BCEB74C16222AF90048CC43 /* CachesViewController.m */,
				9B400FE11603EA420050774F /* SyncingViewController.h */,
				9B400FE21603EA430050774F /* SyncingViewController.m */,
				F128A1E9157FE5C3001BC156 /* TweetDetailViewController.h */,
				F128A1EA157FE5C3001BC156 /* TweetDetailViewController.m */,
				F158D72A15800C1D0061E5A6 /* ReplyViewController.h */,
				F158D72B15800C1D0061E5A6 /* ReplyViewController.m */,
				9B7F43F0158E4D4300462D0D /* IntermediateUserSelectorViewController.h */,
				9B7F43F1158E4D4300462D0D /* IntermediateUserSelectorViewController.m */,
				F1E0A87F1699D8B8000054F3 /* UserSelectorViewController.h */,
				F1E0A8801699D8B8000054F3 /* UserSelectorViewController.m */,
				9B2A621515AF8D5000C4A426 /* CommentViewController.h */,
				9B2A621615AF8D5000C4A426 /* CommentViewController.m */,
				9B2A621815AF8D5000C4A426 /* ImageDetailViewController.h */,
				9B2A621915AF8D5000C4A426 /* ImageDetailViewController.m */,
				9B2A621B15AF8D5000C4A426 /* PostDetailViewController.h */,
				9B2A621C15AF8D5000C4A426 /* PostDetailViewController.m */,
				9B5EE1F51624EA9000BFC265 /* DraftsViewController.h */,
				9B5EE1F61624EA9000BFC265 /* DraftsViewController.m */,
				F1D1FE21183EBB3800DED9D3 /* Libraries */,
				F18042C1175A87E3008D191D /* Containers */,
				9B298C6615B62EBE00A7C594 /* Custom Classes */,
				F129B665157B8237005353EB /* Supporting Files */,
			);
			name = PrimaFacie;
			path = TwiceBook;
			sourceTree = "<group>";
		};
		F129B665157B8237005353EB /* Supporting Files */ = {
			isa = PBXGroup;
			children = (
				9B5DA1C8162CF6410034ABDC /* Checkmark@2x.png */,
				9B3C672815F68B7B0019F346 /* icon@2x.png */,
				9B3C672515F68B690019F346 /* icon.png */,
				9B2EA635160BD0320029F276 /* Default-568h@2x.png */,
				9BBC4CAD15DBED01006FA7DE /* Caution.png */,
				9BE3E7E11601738D00F64709 /* inner-shadow.png */,
				F129B666157B8237005353EB /* TwoFace-Info.plist */,
				F129B66A157B8237005353EB /* main.m */,
				F129B66C157B8237005353EB /* TwoFace-Prefix.pch */,
			);
			name = "Supporting Files";
			sourceTree = "<group>";
		};
		F13964ED175E9DC50073EE5E /* Twitter */ = {
			isa = PBXGroup;
			children = (
				F18042C2175A8802008D191D /* Tweet.h */,
				F18042C3175A8802008D191D /* Tweet.m */,
				F18042C8175A893C008D191D /* TwitterUser.h */,
				F18042C9175A893C008D191D /* TwitterUser.m */,
			);
			name = Twitter;
			sourceTree = "<group>";
		};
		F13964EE175E9DD40073EE5E /* Facebook */ = {
			isa = PBXGroup;
			children = (
				F18042C5175A880C008D191D /* Status.h */,
				F18042C6175A880C008D191D /* Status.m */,
				F18042CB175A896C008D191D /* FacebookUser.h */,
				F18042CC175A896C008D191D /* FacebookUser.m */,
			);
			name = Facebook;
			sourceTree = "<group>";
		};
		F13964F2175EB95C0073EE5E /* General */ = {
			isa = PBXGroup;
			children = (
				F1397B25175FDC3E00CC9EDA /* Cache.h */,
				F1397B26175FDC3E00CC9EDA /* Cache.m */,
				F13964F3175EB9710073EE5E /* Settings.h */,
				F13964F4175EB9710073EE5E /* Settings.m */,
				F1C8CE5F183BF54100DD2544 /* Keychain.h */,
				F1C8CE60183BF54100DD2544 /* Keychain.m */,
			);
			name = General;
			sourceTree = "<group>";
		};
		F18042C1175A87E3008D191D /* Containers */ = {
			isa = PBXGroup;
			children = (
				F13964F2175EB95C0073EE5E /* General */,
				F13964ED175E9DC50073EE5E /* Twitter */,
				F13964EE175E9DD40073EE5E /* Facebook */,
			);
			name = Containers;
			sourceTree = "<group>";
		};
		F19D0A42184919A700891122 /* FHSTwitterEngine */ = {
			isa = PBXGroup;
			children = (
				F19D0A43184919A700891122 /* FHSTwitterEngine.h */,
				F19D0A44184919A700891122 /* FHSTwitterEngine.m */,
			);
			path = FHSTwitterEngine;
			sourceTree = "<group>";
		};
		F1D1FE21183EBB3800DED9D3 /* Libraries */ = {
			isa = PBXGroup;
			children = (
				F1E3DDB4185A036900DED240 /* fmdb */,
				F1DA26261850CDB600ED0A06 /* FHSFacebook */,
				F19D0A42184919A700891122 /* FHSTwitterEngine */,
			);
			name = Libraries;
			sourceTree = "<group>";
		};
		F1DA26261850CDB600ED0A06 /* FHSFacebook */ = {
			isa = PBXGroup;
			children = (
				F1DA26271850CDC500ED0A06 /* FHSFacebook.h */,
				F1DA26281850CDC500ED0A06 /* FHSFacebook.m */,
			);
			name = FHSFacebook;
			sourceTree = "<group>";
		};
		F1E3DDB4185A036900DED240 /* fmdb */ = {
			isa = PBXGroup;
			children = (
				F1E3DDB5185A036900DED240 /* FMDatabase.h */,
				F1E3DDB6185A036900DED240 /* FMDatabase.m */,
				F1E3DDB7185A036900DED240 /* FMDatabaseAdditions.h */,
				F1E3DDB8185A036900DED240 /* FMDatabaseAdditions.m */,
				F1E3DDB9185A036900DED240 /* FMResultSet.h */,
				F1E3DDBA185A036900DED240 /* FMResultSet.m */,
			);
			path = fmdb;
			sourceTree = "<group>";
		};
/* End PBXGroup section */

/* Begin PBXNativeTarget section */
		F129B659157B8237005353EB /* TwoFace */ = {
			isa = PBXNativeTarget;
			buildConfigurationList = F129B67B157B8237005353EB /* Build configuration list for PBXNativeTarget "TwoFace" */;
			buildPhases = (
				F129B656157B8237005353EB /* Sources */,
				F129B657157B8237005353EB /* Frameworks */,
				F129B658157B8237005353EB /* Resources */,
			);
			buildRules = (
			);
			dependencies = (
			);
			name = TwoFace;
			productName = TwiceBook;
			productReference = F129B65A157B8237005353EB /* TwoFace.app */;
			productType = "com.apple.product-type.application";
		};
/* End PBXNativeTarget section */

/* Begin PBXProject section */
		F129B651157B8237005353EB /* Project object */ = {
			isa = PBXProject;
			attributes = {
				LastUpgradeCheck = 0500;
				ORGANIZATIONNAME = "Nathaniel Symer";
				TargetAttributes = {
					F129B659157B8237005353EB = {
						DevelopmentTeam = GWB3VGVLKR;
					};
				};
			};
			buildConfigurationList = F129B654157B8237005353EB /* Build configuration list for PBXProject "TwoFace" */;
			compatibilityVersion = "Xcode 3.2";
			developmentRegion = English;
			hasScannedForEncodings = 0;
			knownRegions = (
				en,
			);
			mainGroup = F129B64F157B8237005353EB;
			productRefGroup = F129B65B157B8237005353EB /* Products */;
			projectDirPath = "";
			projectRoot = "";
			targets = (
				F129B659157B8237005353EB /* TwoFace */,
			);
		};
/* End PBXProject section */

/* Begin PBXResourcesBuildPhase section */
		F129B658157B8237005353EB /* Resources */ = {
			isa = PBXResourcesBuildPhase;
			buildActionMask = 2147483647;
			files = (
				9BBC4CAE15DBED01006FA7DE /* Caution.png in Resources */,
				9B3C672615F68B690019F346 /* icon.png in Resources */,
				9B3C672915F68B7B0019F346 /* icon@2x.png in Resources */,
				9BE3E7E21601738D00F64709 /* inner-shadow.png in Resources */,
				9B2EA636160BD0320029F276 /* Default-568h@2x.png in Resources */,
				9B5DA1C9162CF6410034ABDC /* Checkmark@2x.png in Resources */,
			);
			runOnlyForDeploymentPostprocessing = 0;
		};
/* End PBXResourcesBuildPhase section */

/* Begin PBXSourcesBuildPhase section */
		F129B656157B8237005353EB /* Sources */ = {
			isa = PBXSourcesBuildPhase;
			buildActionMask = 2147483647;
			files = (
				F1E182B9184FBC92002ABBD9 /* PostsClient.m in Sources */,
				F129B66B157B8237005353EB /* main.m in Sources */,
				F129B66F157B8237005353EB /* AppDelegate.m in Sources */,
				F129B672157B8237005353EB /* ViewController.m in Sources */,
				F128A1EC157FE5C4001BC156 /* TweetDetailViewController.m in Sources */,
				F158D72D15800C1D0061E5A6 /* ReplyViewController.m in Sources */,
				9B7F43F3158E4D4300462D0D /* IntermediateUserSelectorViewController.m in Sources */,
				9BAFCD6B15971B200087EF45 /* NSString+mods.m in Sources */,
				9B2A621415AF8CEB00C4A426 /* ZoomingImageView.m in Sources */,
				9B2A621E15AF8D5000C4A426 /* CommentViewController.m in Sources */,
				9B2A622015AF8D5000C4A426 /* ImageDetailViewController.m in Sources */,
				9B2A622215AF8D5000C4A426 /* PostDetailViewController.m in Sources */,
				9BA753BB15BF1A2000717D94 /* NSDate+Helper.m in Sources */,
				F14F91CA185B566B009D0EDE /* UserSelectorCell.m in Sources */,
				9B0B127715CF2A0400217981 /* HelperFunctions.m in Sources */,
				9B0B127D15CF2DCF00217981 /* UIActionSheet+BlockExtensions.m in Sources */,
				F1E3DDBB185A036900DED240 /* FMDatabase.m in Sources */,
				F1288F671852757000DECE1B /* DroppinBadassBlocks.m in Sources */,
				9B0B127E15CF2DCF00217981 /* UIAlertView+BlockExtensions.m in Sources */,
				9B7D861015D74DC70085E640 /* UIImage+Scale.m in Sources */,
				9B2378DE15FC18CC008A0D44 /* UIScrollView+UIScrollView_ZoomToPoint.m in Sources */,
				9B400FE31603EA430050774F /* SyncingViewController.m in Sources */,
				9B4FF41F160FF1FF00563A31 /* PrefsViewController.m in Sources */,
				F19D0A45184919A700891122 /* FHSTwitterEngine.m in Sources */,
				9B6DC065161D1073006C2B2F /* InterceptTwitPicLink.m in Sources */,
				9BCEB749162220550048CC43 /* NSArray+RemoveDuplicates.m in Sources */,
				F1DA26291850CDC500ED0A06 /* FHSFacebook.m in Sources */,
				9BCEB74D16222AF90048CC43 /* CachesViewController.m in Sources */,
				9B5EE1F81624EA9000BFC265 /* DraftsViewController.m in Sources */,
				9BE800201634C77C006D91B8 /* PullToRefreshView.m in Sources */,
				F1C8CE64183BFF7700DD2544 /* MBProgressHUD.m in Sources */,
				F1E0A8811699D8B8000054F3 /* UserSelectorViewController.m in Sources */,
				F1288F641852600800DECE1B /* DBSyncClient.m in Sources */,
				F18042C4175A8802008D191D /* Tweet.m in Sources */,
				F18042C7175A880C008D191D /* Status.m in Sources */,
				F18042CA175A893C008D191D /* TwitterUser.m in Sources */,
				F18042CD175A896C008D191D /* FacebookUser.m in Sources */,
				F13964F5175EB9710073EE5E /* Settings.m in Sources */,
				F1397B27175FDC3E00CC9EDA /* Cache.m in Sources */,
				F1E3DDBD185A036900DED240 /* FMResultSet.m in Sources */,
				F1C8CE61183BF54100DD2544 /* Keychain.m in Sources */,
				F1E3DDBC185A036900DED240 /* FMDatabaseAdditions.m in Sources */,
			);
			runOnlyForDeploymentPostprocessing = 0;
		};
/* End PBXSourcesBuildPhase section */

/* Begin XCBuildConfiguration section */
		F129B679157B8237005353EB /* Debug */ = {
			isa = XCBuildConfiguration;
			buildSettings = {
				ALWAYS_SEARCH_USER_PATHS = NO;
				CLANG_ENABLE_OBJC_ARC = YES;
				CLANG_WARN_BOOL_CONVERSION = YES;
				CLANG_WARN_CONSTANT_CONVERSION = YES;
				CLANG_WARN_EMPTY_BODY = YES;
				CLANG_WARN_ENUM_CONVERSION = YES;
				CLANG_WARN_INT_CONVERSION = YES;
				CLANG_WARN__DUPLICATE_METHOD_MATCH = YES;
				CODE_SIGN_ENTITLEMENTS = "";
				"CODE_SIGN_IDENTITY[sdk=iphoneos*]" = "iPhone Developer: Corinna Wiedmer-Symer (RT2G2Q9WRP)";
				COPY_PHASE_STRIP = NO;
				GCC_C_LANGUAGE_STANDARD = gnu99;
				GCC_DYNAMIC_NO_PIC = NO;
				GCC_OPTIMIZATION_LEVEL = 0;
				GCC_PREPROCESSOR_DEFINITIONS = (
					"DEBUG=1",
					"$(inherited)",
				);
				GCC_SYMBOLS_PRIVATE_EXTERN = NO;
				GCC_VERSION = com.apple.compilers.llvm.clang.1_0;
				GCC_WARN_64_TO_32_BIT_CONVERSION = YES;
				GCC_WARN_ABOUT_RETURN_TYPE = YES;
				GCC_WARN_UNDECLARED_SELECTOR = YES;
				GCC_WARN_UNINITIALIZED_AUTOS = YES;
				GCC_WARN_UNUSED_FUNCTION = YES;
				GCC_WARN_UNUSED_VARIABLE = YES;
				IPHONEOS_DEPLOYMENT_TARGET = 5.0;
				ONLY_ACTIVE_ARCH = YES;
				"PROVISIONING_PROFILE[sdk=iphoneos*]" = "AE6F5E5F-49C4-4F24-9AAA-A27F67E569EB";
				SDKROOT = iphoneos;
				TARGETED_DEVICE_FAMILY = 1;
			};
			name = Debug;
		};
		F129B67A157B8237005353EB /* Release */ = {
			isa = XCBuildConfiguration;
			buildSettings = {
				ALWAYS_SEARCH_USER_PATHS = NO;
				CLANG_ENABLE_OBJC_ARC = YES;
				CLANG_WARN_BOOL_CONVERSION = YES;
				CLANG_WARN_CONSTANT_CONVERSION = YES;
				CLANG_WARN_EMPTY_BODY = YES;
				CLANG_WARN_ENUM_CONVERSION = YES;
				CLANG_WARN_INT_CONVERSION = YES;
				CLANG_WARN__DUPLICATE_METHOD_MATCH = YES;
				CODE_SIGN_ENTITLEMENTS = "";
				"CODE_SIGN_IDENTITY[sdk=iphoneos*]" = "iPhone Distribution: Corinna Wiedmer-Symer";
				COPY_PHASE_STRIP = YES;
				GCC_C_LANGUAGE_STANDARD = gnu99;
				GCC_VERSION = com.apple.compilers.llvm.clang.1_0;
				GCC_WARN_64_TO_32_BIT_CONVERSION = YES;
				GCC_WARN_ABOUT_RETURN_TYPE = YES;
				GCC_WARN_UNDECLARED_SELECTOR = YES;
				GCC_WARN_UNINITIALIZED_AUTOS = YES;
				GCC_WARN_UNUSED_FUNCTION = YES;
				GCC_WARN_UNUSED_VARIABLE = YES;
				IPHONEOS_DEPLOYMENT_TARGET = 5.0;
				OTHER_CFLAGS = "-DNS_BLOCK_ASSERTIONS=1";
				"PROVISIONING_PROFILE[sdk=iphoneos*]" = "D4CE8496-B32F-4D7E-B9CE-715F0C5E6BFF";
				SDKROOT = iphoneos;
				TARGETED_DEVICE_FAMILY = 1;
				VALIDATE_PRODUCT = YES;
			};
			name = Release;
		};
		F129B67C157B8237005353EB /* Debug */ = {
			isa = XCBuildConfiguration;
			buildSettings = {
				CLANG_ENABLE_OBJC_ARC = YES;
				CLANG_WARN__DUPLICATE_METHOD_MATCH = YES;
				CODE_SIGN_IDENTITY = "iPhone Developer";
				"CODE_SIGN_IDENTITY[sdk=iphoneos*]" = "iPhone Developer";
				FRAMEWORK_SEARCH_PATHS = (
					"$(inherited)",
					"\"$(SRCROOT)/Frameworks\"",
				);
				GCC_PRECOMPILE_PREFIX_HEADER = YES;
				GCC_PREFIX_HEADER = "TwiceBook/TwoFace-Prefix.pch";
				GCC_WARN_ALLOW_INCOMPLETE_PROTOCOL = YES;
				GCC_WARN_UNDECLARED_SELECTOR = YES;
				HEADER_SEARCH_PATHS = "";
				INFOPLIST_FILE = "TwiceBook/TwoFace-Info.plist";
				IPHONEOS_DEPLOYMENT_TARGET = 5.0;
				LIBRARY_SEARCH_PATHS = "";
				PRODUCT_NAME = TwoFace;
				PROVISIONING_PROFILE = "";
				"PROVISIONING_PROFILE[sdk=iphoneos*]" = "89C6FCC5-1F46-4855-9F68-611BBA263564";
				TARGETED_DEVICE_FAMILY = 1;
				VALIDATE_PRODUCT = NO;
				WRAPPER_EXTENSION = app;
			};
			name = Debug;
		};
		F129B67D157B8237005353EB /* Release */ = {
			isa = XCBuildConfiguration;
			buildSettings = {
				CLANG_ENABLE_OBJC_ARC = YES;
				CLANG_WARN__DUPLICATE_METHOD_MATCH = YES;
				CODE_SIGN_IDENTITY = "iPhone Developer";
				"CODE_SIGN_IDENTITY[sdk=iphoneos*]" = "iPhone Developer";
				FRAMEWORK_SEARCH_PATHS = (
					"$(inherited)",
					"\"$(SRCROOT)/Frameworks\"",
				);
				GCC_PRECOMPILE_PREFIX_HEADER = YES;
				GCC_PREFIX_HEADER = "TwiceBook/TwoFace-Prefix.pch";
				GCC_WARN_ALLOW_INCOMPLETE_PROTOCOL = YES;
				GCC_WARN_UNDECLARED_SELECTOR = YES;
				HEADER_SEARCH_PATHS = "";
				INFOPLIST_FILE = "TwiceBook/TwoFace-Info.plist";
				IPHONEOS_DEPLOYMENT_TARGET = 5.0;
				LIBRARY_SEARCH_PATHS = "";
				PRODUCT_NAME = TwoFace;
				PROVISIONING_PROFILE = "";
				"PROVISIONING_PROFILE[sdk=iphoneos*]" = "03C8377E-FD2B-4172-997E-CD9EB0BF3908";
				TARGETED_DEVICE_FAMILY = 1;
				WRAPPER_EXTENSION = app;
			};
			name = Release;
		};
/* End XCBuildConfiguration section */

/* Begin XCConfigurationList section */
		F129B654157B8237005353EB /* Build configuration list for PBXProject "TwoFace" */ = {
			isa = XCConfigurationList;
			buildConfigurations = (
				F129B679157B8237005353EB /* Debug */,
				F129B67A157B8237005353EB /* Release */,
			);
			defaultConfigurationIsVisible = 0;
			defaultConfigurationName = Release;
		};
		F129B67B157B8237005353EB /* Build configuration list for PBXNativeTarget "TwoFace" */ = {
			isa = XCConfigurationList;
			buildConfigurations = (
				F129B67C157B8237005353EB /* Debug */,
				F129B67D157B8237005353EB /* Release */,
			);
			defaultConfigurationIsVisible = 0;
			defaultConfigurationName = Release;
		};
/* End XCConfigurationList section */
	};
	rootObject = F129B651157B8237005353EB /* Project object */;
}
