// !$*UTF8*$!
{
	archiveVersion = 1;
	classes = {
	};
	objectVersion = 46;
	objects = {

/* Begin PBXBuildFile section */
		9B5770A915F0660D004B8CC9 /* UIKit.framework in Frameworks */ = {isa = PBXBuildFile; fileRef = 9B5770A815F0660D004B8CC9 /* UIKit.framework */; };
		9B5770AB15F0660D004B8CC9 /* Foundation.framework in Frameworks */ = {isa = PBXBuildFile; fileRef = 9B5770AA15F0660D004B8CC9 /* Foundation.framework */; };
		9B5770AD15F0660D004B8CC9 /* CoreGraphics.framework in Frameworks */ = {isa = PBXBuildFile; fileRef = 9B5770AC15F0660D004B8CC9 /* CoreGraphics.framework */; };
		9B5770B315F0660D004B8CC9 /* InfoPlist.strings in Resources */ = {isa = PBXBuildFile; fileRef = 9B5770B115F0660D004B8CC9 /* InfoPlist.strings */; };
		9B5770B515F0660D004B8CC9 /* main.m in Sources */ = {isa = PBXBuildFile; fileRef = 9B5770B415F0660D004B8CC9 /* main.m */; };
		9B5770B915F0660D004B8CC9 /* AppDelegate.m in Sources */ = {isa = PBXBuildFile; fileRef = 9B5770B815F0660D004B8CC9 /* AppDelegate.m */; };
		9B5770BC15F0660D004B8CC9 /* ViewController.m in Sources */ = {isa = PBXBuildFile; fileRef = 9B5770BB15F0660D004B8CC9 /* ViewController.m */; };
		9B5770BF15F0660D004B8CC9 /* ViewController.xib in Resources */ = {isa = PBXBuildFile; fileRef = 9B5770BD15F0660D004B8CC9 /* ViewController.xib */; };
		9B5770C715F06676004B8CC9 /* Common.m in Sources */ = {isa = PBXBuildFile; fileRef = 9B5770C615F06676004B8CC9 /* Common.m */; };
		9B5770CA15F066C6004B8CC9 /* UIImage+Additions.m in Sources */ = {isa = PBXBuildFile; fileRef = 9B5770C915F066C6004B8CC9 /* UIImage+Additions.m */; };
		9B5770D015F07245004B8CC9 /* CoreText.framework in Frameworks */ = {isa = PBXBuildFile; fileRef = 9B5770CF15F07245004B8CC9 /* CoreText.framework */; };
/* End PBXBuildFile section */

/* Begin PBXFileReference section */
		9B5770A415F0660D004B8CC9 /* TwoFace Icon.app */ = {isa = PBXFileReference; explicitFileType = wrapper.application; includeInIndex = 0; path = "TwoFace Icon.app"; sourceTree = BUILT_PRODUCTS_DIR; };
		9B5770A815F0660D004B8CC9 /* UIKit.framework */ = {isa = PBXFileReference; lastKnownFileType = wrapper.framework; name = UIKit.framework; path = System/Library/Frameworks/UIKit.framework; sourceTree = SDKROOT; };
		9B5770AA15F0660D004B8CC9 /* Foundation.framework */ = {isa = PBXFileReference; lastKnownFileType = wrapper.framework; name = Foundation.framework; path = System/Library/Frameworks/Foundation.framework; sourceTree = SDKROOT; };
		9B5770AC15F0660D004B8CC9 /* CoreGraphics.framework */ = {isa = PBXFileReference; lastKnownFileType = wrapper.framework; name = CoreGraphics.framework; path = System/Library/Frameworks/CoreGraphics.framework; sourceTree = SDKROOT; };
		9B5770B015F0660D004B8CC9 /* TwoFace Icon-Info.plist */ = {isa = PBXFileReference; lastKnownFileType = text.plist.xml; path = "TwoFace Icon-Info.plist"; sourceTree = "<group>"; };
		9B5770B215F0660D004B8CC9 /* en */ = {isa = PBXFileReference; lastKnownFileType = text.plist.strings; name = en; path = en.lproj/InfoPlist.strings; sourceTree = "<group>"; };
		9B5770B415F0660D004B8CC9 /* main.m */ = {isa = PBXFileReference; lastKnownFileType = sourcecode.c.objc; path = main.m; sourceTree = "<group>"; };
		9B5770B615F0660D004B8CC9 /* TwoFace Icon-Prefix.pch */ = {isa = PBXFileReference; lastKnownFileType = sourcecode.c.h; path = "TwoFace Icon-Prefix.pch"; sourceTree = "<group>"; };
		9B5770B715F0660D004B8CC9 /* AppDelegate.h */ = {isa = PBXFileReference; lastKnownFileType = sourcecode.c.h; path = AppDelegate.h; sourceTree = "<group>"; };
		9B5770B815F0660D004B8CC9 /* AppDelegate.m */ = {isa = PBXFileReference; lastKnownFileType = sourcecode.c.objc; path = AppDelegate.m; sourceTree = "<group>"; };
		9B5770BA15F0660D004B8CC9 /* ViewController.h */ = {isa = PBXFileReference; lastKnownFileType = sourcecode.c.h; path = ViewController.h; sourceTree = "<group>"; };
		9B5770BB15F0660D004B8CC9 /* ViewController.m */ = {isa = PBXFileReference; lastKnownFileType = sourcecode.c.objc; path = ViewController.m; sourceTree = "<group>"; };
		9B5770BE15F0660D004B8CC9 /* en */ = {isa = PBXFileReference; lastKnownFileType = file.xib; name = en; path = en.lproj/ViewController.xib; sourceTree = "<group>"; };
		9B5770C515F06676004B8CC9 /* Common.h */ = {isa = PBXFileReference; fileEncoding = 4; lastKnownFileType = sourcecode.c.h; path = Common.h; sourceTree = "<group>"; };
		9B5770C615F06676004B8CC9 /* Common.m */ = {isa = PBXFileReference; fileEncoding = 4; lastKnownFileType = sourcecode.c.objc; path = Common.m; sourceTree = "<group>"; };
		9B5770C815F066C6004B8CC9 /* UIImage+Additions.h */ = {isa = PBXFileReference; fileEncoding = 4; lastKnownFileType = sourcecode.c.h; path = "UIImage+Additions.h"; sourceTree = "<group>"; };
		9B5770C915F066C6004B8CC9 /* UIImage+Additions.m */ = {isa = PBXFileReference; fileEncoding = 4; lastKnownFileType = sourcecode.c.objc; path = "UIImage+Additions.m"; sourceTree = "<group>"; };
		9B5770CF15F07245004B8CC9 /* CoreText.framework */ = {isa = PBXFileReference; lastKnownFileType = wrapper.framework; name = CoreText.framework; path = System/Library/Frameworks/CoreText.framework; sourceTree = SDKROOT; };
/* End PBXFileReference section */

/* Begin PBXFrameworksBuildPhase section */
		9B5770A115F0660D004B8CC9 /* Frameworks */ = {
			isa = PBXFrameworksBuildPhase;
			buildActionMask = 2147483647;
			files = (
				9B5770D015F07245004B8CC9 /* CoreText.framework in Frameworks */,
				9B5770A915F0660D004B8CC9 /* UIKit.framework in Frameworks */,
				9B5770AB15F0660D004B8CC9 /* Foundation.framework in Frameworks */,
				9B5770AD15F0660D004B8CC9 /* CoreGraphics.framework in Frameworks */,
			);
			runOnlyForDeploymentPostprocessing = 0;
		};
/* End PBXFrameworksBuildPhase section */

/* Begin PBXGroup section */
		9B57709915F0660D004B8CC9 = {
			isa = PBXGroup;
			children = (
				9B5770AE15F0660D004B8CC9 /* TwoFace Icon */,
				9B5770A715F0660D004B8CC9 /* Frameworks */,
				9B5770A515F0660D004B8CC9 /* Products */,
			);
			sourceTree = "<group>";
		};
		9B5770A515F0660D004B8CC9 /* Products */ = {
			isa = PBXGroup;
			children = (
				9B5770A415F0660D004B8CC9 /* TwoFace Icon.app */,
			);
			name = Products;
			sourceTree = "<group>";
		};
		9B5770A715F0660D004B8CC9 /* Frameworks */ = {
			isa = PBXGroup;
			children = (
				9B5770CF15F07245004B8CC9 /* CoreText.framework */,
				9B5770A815F0660D004B8CC9 /* UIKit.framework */,
				9B5770AA15F0660D004B8CC9 /* Foundation.framework */,
				9B5770AC15F0660D004B8CC9 /* CoreGraphics.framework */,
			);
			name = Frameworks;
			sourceTree = "<group>";
		};
		9B5770AE15F0660D004B8CC9 /* TwoFace Icon */ = {
			isa = PBXGroup;
			children = (
				9B5770B715F0660D004B8CC9 /* AppDelegate.h */,
				9B5770B815F0660D004B8CC9 /* AppDelegate.m */,
				9B5770BA15F0660D004B8CC9 /* ViewController.h */,
				9B5770BB15F0660D004B8CC9 /* ViewController.m */,
				9B5770BD15F0660D004B8CC9 /* ViewController.xib */,
				9B5770C515F06676004B8CC9 /* Common.h */,
				9B5770C615F06676004B8CC9 /* Common.m */,
				9B5770C815F066C6004B8CC9 /* UIImage+Additions.h */,
				9B5770C915F066C6004B8CC9 /* UIImage+Additions.m */,
				9B5770AF15F0660D004B8CC9 /* Supporting Files */,
			);
			path = "TwoFace Icon";
			sourceTree = "<group>";
		};
		9B5770AF15F0660D004B8CC9 /* Supporting Files */ = {
			isa = PBXGroup;
			children = (
				9B5770B015F0660D004B8CC9 /* TwoFace Icon-Info.plist */,
				9B5770B115F0660D004B8CC9 /* InfoPlist.strings */,
				9B5770B415F0660D004B8CC9 /* main.m */,
				9B5770B615F0660D004B8CC9 /* TwoFace Icon-Prefix.pch */,
			);
			name = "Supporting Files";
			sourceTree = "<group>";
		};
/* End PBXGroup section */

/* Begin PBXNativeTarget section */
		9B5770A315F0660D004B8CC9 /* TwoFace Icon */ = {
			isa = PBXNativeTarget;
			buildConfigurationList = 9B5770C215F0660D004B8CC9 /* Build configuration list for PBXNativeTarget "TwoFace Icon" */;
			buildPhases = (
				9B5770A015F0660D004B8CC9 /* Sources */,
				9B5770A115F0660D004B8CC9 /* Frameworks */,
				9B5770A215F0660D004B8CC9 /* Resources */,
			);
			buildRules = (
			);
			dependencies = (
			);
			name = "TwoFace Icon";
			productName = "TwoFace Icon";
			productReference = 9B5770A415F0660D004B8CC9 /* TwoFace Icon.app */;
			productType = "com.apple.product-type.application";
		};
/* End PBXNativeTarget section */

/* Begin PBXProject section */
		9B57709B15F0660D004B8CC9 /* Project object */ = {
			isa = PBXProject;
			attributes = {
				LastUpgradeCheck = 0440;
				ORGANIZATIONNAME = "Nathaniel Symer";
			};
			buildConfigurationList = 9B57709E15F0660D004B8CC9 /* Build configuration list for PBXProject "TwoFace Icon" */;
			compatibilityVersion = "Xcode 3.2";
			developmentRegion = English;
			hasScannedForEncodings = 0;
			knownRegions = (
				en,
			);
			mainGroup = 9B57709915F0660D004B8CC9;
			productRefGroup = 9B5770A515F0660D004B8CC9 /* Products */;
			projectDirPath = "";
			projectRoot = "";
			targets = (
				9B5770A315F0660D004B8CC9 /* TwoFace Icon */,
			);
		};
/* End PBXProject section */

/* Begin PBXResourcesBuildPhase section */
		9B5770A215F0660D004B8CC9 /* Resources */ = {
			isa = PBXResourcesBuildPhase;
			buildActionMask = 2147483647;
			files = (
				9B5770B315F0660D004B8CC9 /* InfoPlist.strings in Resources */,
				9B5770BF15F0660D004B8CC9 /* ViewController.xib in Resources */,
			);
			runOnlyForDeploymentPostprocessing = 0;
		};
/* End PBXResourcesBuildPhase section */

/* Begin PBXSourcesBuildPhase section */
		9B5770A015F0660D004B8CC9 /* Sources */ = {
			isa = PBXSourcesBuildPhase;
			buildActionMask = 2147483647;
			files = (
				9B5770B515F0660D004B8CC9 /* main.m in Sources */,
				9B5770B915F0660D004B8CC9 /* AppDelegate.m in Sources */,
				9B5770BC15F0660D004B8CC9 /* ViewController.m in Sources */,
				9B5770C715F06676004B8CC9 /* Common.m in Sources */,
				9B5770CA15F066C6004B8CC9 /* UIImage+Additions.m in Sources */,
			);
			runOnlyForDeploymentPostprocessing = 0;
		};
/* End PBXSourcesBuildPhase section */

/* Begin PBXVariantGroup section */
		9B5770B115F0660D004B8CC9 /* InfoPlist.strings */ = {
			isa = PBXVariantGroup;
			children = (
				9B5770B215F0660D004B8CC9 /* en */,
			);
			name = InfoPlist.strings;
			sourceTree = "<group>";
		};
		9B5770BD15F0660D004B8CC9 /* ViewController.xib */ = {
			isa = PBXVariantGroup;
			children = (
				9B5770BE15F0660D004B8CC9 /* en */,
			);
			name = ViewController.xib;
			sourceTree = "<group>";
		};
/* End PBXVariantGroup section */

/* Begin XCBuildConfiguration section */
		9B5770C015F0660D004B8CC9 /* Debug */ = {
			isa = XCBuildConfiguration;
			buildSettings = {
				ALWAYS_SEARCH_USER_PATHS = NO;
				ARCHS = "$(ARCHS_STANDARD_32_BIT)";
				CLANG_CXX_LANGUAGE_STANDARD = "gnu++0x";
				CLANG_ENABLE_OBJC_ARC = YES;
				CLANG_WARN__DUPLICATE_METHOD_MATCH = YES;
				"CODE_SIGN_IDENTITY[sdk=iphoneos*]" = "iPhone Developer";
				COPY_PHASE_STRIP = NO;
				GCC_C_LANGUAGE_STANDARD = gnu99;
				GCC_DYNAMIC_NO_PIC = NO;
				GCC_OPTIMIZATION_LEVEL = 0;
				GCC_PREPROCESSOR_DEFINITIONS = (
					"DEBUG=1",
					"$(inherited)",
				);
				GCC_SYMBOLS_PRIVATE_EXTERN = NO;
				GCC_VERSION = com.apple.compilers.llvm.clang.1_0;
				GCC_WARN_ABOUT_RETURN_TYPE = YES;
				GCC_WARN_UNINITIALIZED_AUTOS = YES;
				GCC_WARN_UNUSED_VARIABLE = YES;
				IPHONEOS_DEPLOYMENT_TARGET = 5.1;
				SDKROOT = iphoneos;
			};
			name = Debug;
		};
		9B5770C115F0660D004B8CC9 /* Release */ = {
			isa = XCBuildConfiguration;
			buildSettings = {
				ALWAYS_SEARCH_USER_PATHS = NO;
				ARCHS = "$(ARCHS_STANDARD_32_BIT)";
				CLANG_CXX_LANGUAGE_STANDARD = "gnu++0x";
				CLANG_ENABLE_OBJC_ARC = YES;
				CLANG_WARN__DUPLICATE_METHOD_MATCH = YES;
				"CODE_SIGN_IDENTITY[sdk=iphoneos*]" = "iPhone Developer";
				COPY_PHASE_STRIP = YES;
				GCC_C_LANGUAGE_STANDARD = gnu99;
				GCC_VERSION = com.apple.compilers.llvm.clang.1_0;
				GCC_WARN_ABOUT_RETURN_TYPE = YES;
				GCC_WARN_UNINITIALIZED_AUTOS = YES;
				GCC_WARN_UNUSED_VARIABLE = YES;
				IPHONEOS_DEPLOYMENT_TARGET = 5.1;
				OTHER_CFLAGS = "-DNS_BLOCK_ASSERTIONS=1";
				SDKROOT = iphoneos;
				VALIDATE_PRODUCT = YES;
			};
			name = Release;
		};
		9B5770C315F0660D004B8CC9 /* Debug */ = {
			isa = XCBuildConfiguration;
			buildSettings = {
				GCC_PRECOMPILE_PREFIX_HEADER = YES;
				GCC_PREFIX_HEADER = "TwoFace Icon/TwoFace Icon-Prefix.pch";
				INFOPLIST_FILE = "TwoFace Icon/TwoFace Icon-Info.plist";
				PRODUCT_NAME = "$(TARGET_NAME)";
				WRAPPER_EXTENSION = app;
			};
			name = Debug;
		};
		9B5770C415F0660D004B8CC9 /* Release */ = {
			isa = XCBuildConfiguration;
			buildSettings = {
				GCC_PRECOMPILE_PREFIX_HEADER = YES;
				GCC_PREFIX_HEADER = "TwoFace Icon/TwoFace Icon-Prefix.pch";
				INFOPLIST_FILE = "TwoFace Icon/TwoFace Icon-Info.plist";
				PRODUCT_NAME = "$(TARGET_NAME)";
				WRAPPER_EXTENSION = app;
			};
			name = Release;
		};
/* End XCBuildConfiguration section */

/* Begin XCConfigurationList section */
		9B57709E15F0660D004B8CC9 /* Build configuration list for PBXProject "TwoFace Icon" */ = {
			isa = XCConfigurationList;
			buildConfigurations = (
				9B5770C015F0660D004B8CC9 /* Debug */,
				9B5770C115F0660D004B8CC9 /* Release */,
			);
			defaultConfigurationIsVisible = 0;
			defaultConfigurationName = Release;
		};
		9B5770C215F0660D004B8CC9 /* Build configuration list for PBXNativeTarget "TwoFace Icon" */ = {
			isa = XCConfigurationList;
			buildConfigurations = (
				9B5770C315F0660D004B8CC9 /* Debug */,
				9B5770C415F0660D004B8CC9 /* Release */,
			);
			defaultConfigurationIsVisible = 0;
			defaultConfigurationName = Release;
		};
/* End XCConfigurationList section */
	};
	rootObject = 9B57709B15F0660D004B8CC9 /* Project object */;
}
